
Microsoft Visual Studio Solution File, Format Version 12.00
# Visual Studio 15
VisualStudioVersion = 15.0.27703.2047
MinimumVisualStudioVersion = 10.0.40219.1
Project("{8BC9CEB8-8B4A-11D0-8D11-00A0C91BC942}") = "cefau3", "cefau3.vcxproj", "{33BE4173-C03E-402E-A1DA-9EF85C98398D}"
EndProject
Project("{8BC9CEB8-8B4A-11D0-8D11-00A0C91BC942}") = "libcef_dll_wrapper", "libcef_dll_wrapper\libcef_dll_wrapper.vcxproj", "{084667B5-1859-4C54-A022-D645EE96DCD2}"
EndProject
Global
	GlobalSection(SolutionConfigurationPlatforms) = preSolution
		Release|x64 = Release|x64
		Release|x86 = Release|x86
	EndGlobalSection
	GlobalSection(ProjectConfigurationPlatforms) = postSolution
		{33BE4173-C03E-402E-A1DA-9EF85C98398D}.Release|x64.ActiveCfg = Release|x64
		{33BE4173-C03E-402E-A1DA-9EF85C98398D}.Release|x64.Build.0 = Release|x64
		{33BE4173-C03E-402E-A1DA-9EF85C98398D}.Release|x86.ActiveCfg = Release|Win32
		{33BE4173-C03E-402E-A1DA-9EF85C98398D}.Release|x86.Build.0 = Release|Win32
		{084667B5-1859-4C54-A022-D645EE96DCD2}.Release|x64.ActiveCfg = Release|x64
		{084667B5-1859-4C54-A022-D645EE96DCD2}.Release|x64.Build.0 = Release|x64
		{084667B5-1859-4C54-A022-D645EE96DCD2}.Release|x86.ActiveCfg = Release|Win32
		{084667B5-1859-4C54-A022-D645EE96DCD2}.Release|x86.Build.0 = Release|Win32
	EndGlobalSection
	GlobalSection(SolutionProperties) = preSolution
		HideSolutionNode = FALSE
	EndGlobalSection
	GlobalSection(ExtensibilityGlobals) = postSolution
		SolutionGuid = {4581DD05-E658-40B9-9151-BF9A688CA0F0}
	EndGlobalSection
EndGlobal
