
Microsoft Visual Studio Solution File, Format Version 12.00
# Visual Studio 15
VisualStudioVersion = 15.0.27703.2047
MinimumVisualStudioVersion = 10.0.40219.1
Project("{8BC9CEB8-8B4A-11D0-8D11-00A0C91BC942}") = "cefau3", "cefau3.vcxproj", "{3E42E042-6B15-457D-A131-60EDAC4F5FD7}"
EndProject
Global
	GlobalSection(SolutionConfigurationPlatforms) = preSolution
		Release|x64 = Release|x64
		Release|x86 = Release|x86
	EndGlobalSection
	GlobalSection(ProjectConfigurationPlatforms) = postSolution
		{3E42E042-6B15-457D-A131-60EDAC4F5FD7}.Release|x64.ActiveCfg = Release|x64
		{3E42E042-6B15-457D-A131-60EDAC4F5FD7}.Release|x64.Build.0 = Release|x64
		{3E42E042-6B15-457D-A131-60EDAC4F5FD7}.Release|x86.ActiveCfg = Release|Win32
		{3E42E042-6B15-457D-A131-60EDAC4F5FD7}.Release|x86.Build.0 = Release|Win32
	EndGlobalSection
	GlobalSection(SolutionProperties) = preSolution
		HideSolutionNode = FALSE
	EndGlobalSection
	GlobalSection(ExtensibilityGlobals) = postSolution
		SolutionGuid = {8F23FDC9-A8F8-4AC1-99E6-1A6A393DF9FB}
	EndGlobalSection
EndGlobal
