<?xml version="1.0" encoding="utf-8"?>
<Project ToolsVersion="4.0" xmlns="http://schemas.microsoft.com/developer/msbuild/2003">
  <ItemGroup>
    <Filter Include="src">
      <UniqueIdentifier>{4FC737F1-C7A5-4376-A066-2A32D752A2FF}</UniqueIdentifier>
      <Extensions>cpp;c;cc;cxx;def;odl;idl;hpj;bat;asm;asmx</Extensions>
    </Filter>
    <Filter Include="src\api">
      <UniqueIdentifier>{e25e4eee-03b2-43ca-81ea-0346e43f95ce}</UniqueIdentifier>
    </Filter>
    <Filter Include="src\base">
      <UniqueIdentifier>{d7243ce2-29bb-44f9-aba5-8ac51fcc388f}</UniqueIdentifier>
    </Filter>
    <Filter Include="src\custom">
      <UniqueIdentifier>{b129a744-671d-45c7-9e30-2008989fbceb}</UniqueIdentifier>
    </Filter>
  </ItemGroup>
  <ItemGroup>
    <ClCompile Include="..\src\cefau3.c">
      <Filter>src</Filter>
    </ClCompile>
    <ClCompile Include="..\src\custom\ptr.c">
      <Filter>src\custom</Filter>
    </ClCompile>
    <ClCompile Include="..\src\custom\string.c">
      <Filter>src\custom</Filter>
    </ClCompile>
    <ClCompile Include="..\src\api\accessibility_handler.c">
      <Filter>src\api</Filter>
    </ClCompile>
    <ClCompile Include="..\src\api\browser.c">
      <Filter>src\api</Filter>
    </ClCompile>
    <ClCompile Include="..\src\api\browser_process_handler.c">
      <Filter>src\api</Filter>
    </ClCompile>
    <ClCompile Include="..\src\api\callback.c">
      <Filter>src\api</Filter>
    </ClCompile>
    <ClCompile Include="..\src\api\command_line.c">
      <Filter>src\api</Filter>
    </ClCompile>
    <ClCompile Include="..\src\api\context_menu_handler.c">
      <Filter>src\api</Filter>
    </ClCompile>
    <ClCompile Include="..\src\api\cookie.c">
      <Filter>src\api</Filter>
    </ClCompile>
    <ClCompile Include="..\src\api\dialog_handler.c">
      <Filter>src\api</Filter>
    </ClCompile>
    <ClCompile Include="..\src\api\display_handler.c">
      <Filter>src\api</Filter>
    </ClCompile>
    <ClCompile Include="..\src\api\dom.c">
      <Filter>src\api</Filter>
    </ClCompile>
    <ClCompile Include="..\src\api\download_hadler.c">
      <Filter>src\api</Filter>
    </ClCompile>
    <ClCompile Include="..\src\api\download_item.c">
      <Filter>src\api</Filter>
    </ClCompile>
    <ClCompile Include="..\src\api\drag_data.c">
      <Filter>src\api</Filter>
    </ClCompile>
    <ClCompile Include="..\src\api\drag_handler.c">
      <Filter>src\api</Filter>
    </ClCompile>
    <ClCompile Include="..\src\api\find_handler.c">
      <Filter>src\api</Filter>
    </ClCompile>
    <ClCompile Include="..\src\api\focus_handler.c">
      <Filter>src\api</Filter>
    </ClCompile>
    <ClCompile Include="..\src\api\frame.c">
      <Filter>src\api</Filter>
    </ClCompile>
    <ClCompile Include="..\src\api\geolocation.c">
      <Filter>src\api</Filter>
    </ClCompile>
    <ClCompile Include="..\src\api\geolocation_handler.c">
      <Filter>src\api</Filter>
    </ClCompile>
    <ClCompile Include="..\src\api\jsdialog_handler.c">
      <Filter>src\api</Filter>
    </ClCompile>
    <ClCompile Include="..\src\api\keyboard_handler.c">
      <Filter>src\api</Filter>
    </ClCompile>
    <ClCompile Include="..\src\api\life_span_handler.c">
      <Filter>src\api</Filter>
    </ClCompile>
    <ClCompile Include="..\src\api\load_handler.c">
      <Filter>src\api</Filter>
    </ClCompile>
    <ClCompile Include="..\src\api\menu_model.c">
      <Filter>src\api</Filter>
    </ClCompile>
    <ClCompile Include="..\src\api\menu_model_delegate.c">
      <Filter>src\api</Filter>
    </ClCompile>
    <ClCompile Include="..\src\api\parser.c">
      <Filter>src\api</Filter>
    </ClCompile>
    <ClCompile Include="..\src\api\print_handler.c">
      <Filter>src\api</Filter>
    </ClCompile>
    <ClCompile Include="..\src\api\render_handler.c">
      <Filter>src\api</Filter>
    </ClCompile>
    <ClCompile Include="..\src\api\render_process_handler.c">
      <Filter>src\api</Filter>
    </ClCompile>
    <ClCompile Include="..\src\api\request.c">
      <Filter>src\api</Filter>
    </ClCompile>
    <ClCompile Include="..\src\api\request_context_handler.c">
      <Filter>src\api</Filter>
    </ClCompile>
    <ClCompile Include="..\src\api\request_handler.c">
      <Filter>src\api</Filter>
    </ClCompile>
    <ClCompile Include="..\src\api\resource_bundle_handler.c">
      <Filter>src\api</Filter>
    </ClCompile>
    <ClCompile Include="..\src\api\task.c">
      <Filter>src\api</Filter>
    </ClCompile>
    <ClCompile Include="..\src\api\types.c">
      <Filter>src\api</Filter>
    </ClCompile>
    <ClCompile Include="..\src\api\types_win.c">
      <Filter>src\api</Filter>
    </ClCompile>
    <ClCompile Include="..\src\api\v8.c">
      <Filter>src\api</Filter>
    </ClCompile>
    <ClCompile Include="..\src\api\values.c">
      <Filter>src\api</Filter>
    </ClCompile>
    <ClCompile Include="..\src\base\app.c">
      <Filter>src\base</Filter>
    </ClCompile>
    <ClCompile Include="..\src\base\base.c">
      <Filter>src\base</Filter>
    </ClCompile>
    <ClCompile Include="..\src\base\client.c">
      <Filter>src\base</Filter>
    </ClCompile>
    <ClCompile Include="..\src\au3obj_wrap.c">
      <Filter>src</Filter>
    </ClCompile>
  </ItemGroup>
  <ItemGroup>
    <None Include="..\src\cefau3.def">
      <Filter>src</Filter>
    </None>
  </ItemGroup>
  <ItemGroup>
    <ClInclude Include="..\src\cefau3.h">
      <Filter>src</Filter>
    </ClInclude>
    <ClInclude Include="..\src\custom\types.h">
      <Filter>src\custom</Filter>
    </ClInclude>
    <ClInclude Include="..\src\au3obj_wrap.h">
      <Filter>src</Filter>
    </ClInclude>
  </ItemGroup>
</Project>